{
  "name": "xfrelay_server",
  "version": "0.0.1",
  "lockfileVersion": 3,
  "requires": true,
  "packages": {
    "": {
      "name": "xfrelay_server",
      "version": "0.0.1",
      "license": "MIT",
      "dependencies": {
        "@badaimweeb/js-dtsocket": "^0.6.0",
        "@badaimweeb/js-protov2d": "^0.4.1",
        "dotenv": "^16.3.1",
        "zod": "^3.22.2"
      },
      "devDependencies": {
        "@types/node": "^20.6.2",
        "typescript": "^5.2.2"
      }
    },
    "node_modules/@badaimweeb/js-dtsocket": {
      "version": "0.6.0",
      "resolved": "https://registry.npmjs.org/@badaimweeb/js-dtsocket/-/js-dtsocket-0.6.0.tgz",
      "integrity": "sha512-ypIoFwgSNZJ2uTydxbMPJXyIw/hnyMK9r49JIC2xzm3Lzu54F6v+3Feicz8XM4vuRh3uSDre5ymAzY/PmEgtow==",
      "dependencies": {
        "msgpack-lite": "^0.1.26"
      }
    },
    "node_modules/@badaimweeb/js-protov2d": {
      "version": "0.4.2",
      "resolved": "https://registry.npmjs.org/@badaimweeb/js-protov2d/-/js-protov2d-0.4.2.tgz",
      "integrity": "sha512-3xffr1Y06AmQwFajxQyxFdVT82YBRwa732FdsRNwMJQ1oGRGSDwqJPQNdxJ4liXqvQYsMLl2wkKaBwVUWnIvFw==",
      "dependencies": {
        "isomorphic-ws": "^5.0.0",
        "kyber-crystals": "^1.0.5",
        "msgpack-lite": "^0.1.26",
        "superdilithium": "^2.0.3",
        "ws": "^8.12.1"
      }
    },
    "node_modules/@types/node": {
      "version": "20.6.2",
      "resolved": "https://registry.npmjs.org/@types/node/-/node-20.6.2.tgz",
      "integrity": "sha512-Y+/1vGBHV/cYk6OI1Na/LHzwnlNCAfU3ZNGrc1LdRe/LAIbdDPTTv/HU3M7yXN448aTVDq3eKRm2cg7iKLb8gw==",
      "dev": true
    },
    "node_modules/dilithium-crystals": {
      "version": "1.0.6",
      "resolved": "https://registry.npmjs.org/dilithium-crystals/-/dilithium-crystals-1.0.6.tgz",
      "integrity": "sha512-zPMHDmr2l2A6ZU574cbwNn1AX1UkIIYcJTcN4DEycrKXtgqGp7kPYSpatzcEthTLEKwwYBWYyV6mO5HcBlZwyg=="
    },
    "node_modules/dotenv": {
      "version": "16.3.1",
      "resolved": "https://registry.npmjs.org/dotenv/-/dotenv-16.3.1.tgz",
      "integrity": "sha512-IPzF4w4/Rd94bA9imS68tZBaYyBWSCE47V1RGuMrB94iyTOIEwRmVL2x/4An+6mETpLrKJ5hQkB8W4kFAadeIQ==",
      "engines": {
        "node": ">=12"
      },
      "funding": {
        "url": "https://github.com/motdotla/dotenv?sponsor=1"
      }
    },
    "node_modules/event-lite": {
      "version": "0.1.3",
      "resolved": "https://registry.npmjs.org/event-lite/-/event-lite-0.1.3.tgz",
      "integrity": "sha512-8qz9nOz5VeD2z96elrEKD2U433+L3DWdUdDkOINLGOJvx1GsMBbMn0aCeu28y8/e85A6mCigBiFlYMnTBEGlSw=="
    },
    "node_modules/fast-sha512": {
      "version": "1.0.6",
      "resolved": "https://registry.npmjs.org/fast-sha512/-/fast-sha512-1.0.6.tgz",
      "integrity": "sha512-zuXwryP1bQkfIo4c7vzQqvBgK1MZ/vEPZHUyavi3jjWdgk36tAkJipG1e7f1h38HbCT/BKQIIHXrk6qetrMGVA==",
      "dependencies": {
        "sodiumutil": "*"
      }
    },
    "node_modules/ieee754": {
      "version": "1.2.1",
      "resolved": "https://registry.npmjs.org/ieee754/-/ieee754-1.2.1.tgz",
      "integrity": "sha512-dcyqhDvX1C46lXZcVqCpK+FtMRQVdIMN6/Df5js2zouUsqG7I6sFxitIC+7KYK29KdXOLHdu9zL4sFnoVQnqaA==",
      "funding": [
        {
          "type": "github",
          "url": "https://github.com/sponsors/feross"
        },
        {
          "type": "patreon",
          "url": "https://www.patreon.com/feross"
        },
        {
          "type": "consulting",
          "url": "https://feross.org/support"
        }
      ]
    },
    "node_modules/int64-buffer": {
      "version": "0.1.10",
      "resolved": "https://registry.npmjs.org/int64-buffer/-/int64-buffer-0.1.10.tgz",
      "integrity": "sha512-v7cSY1J8ydZ0GyjUHqF+1bshJ6cnEVLo9EnjB8p+4HDRPZc9N5jjmvUV7NvEsqQOKyH0pmIBFWXVQbiS0+OBbA=="
    },
    "node_modules/isarray": {
      "version": "1.0.0",
      "resolved": "https://registry.npmjs.org/isarray/-/isarray-1.0.0.tgz",
      "integrity": "sha512-VLghIWNM6ELQzo7zwmcg0NmTVyWKYjvIeM83yjp0wRDTmUnrM678fQbcKBo6n2CJEF0szoG//ytg+TKla89ALQ=="
    },
    "node_modules/isomorphic-ws": {
      "version": "5.0.0",
      "resolved": "https://registry.npmjs.org/isomorphic-ws/-/isomorphic-ws-5.0.0.tgz",
      "integrity": "sha512-muId7Zzn9ywDsyXgTIafTry2sV3nySZeUDe6YedVd1Hvuuep5AsIlqK+XefWpYTyJG5e503F2xIuT2lcU6rCSw==",
      "peerDependencies": {
        "ws": "*"
      }
    },
    "node_modules/kyber-crystals": {
      "version": "1.0.7",
      "resolved": "https://registry.npmjs.org/kyber-crystals/-/kyber-crystals-1.0.7.tgz",
      "integrity": "sha512-kaiBjNMdzVHaptkYZwal2Jw28AkaCPSBIaKhpcTXozC8B9FbLXW1uMc80rQZfVsmxdgEvWctWIaSJJN6BVJ4bw=="
    },
    "node_modules/libsodium-sumo": {
      "version": "0.7.13",
      "resolved": "https://registry.npmjs.org/libsodium-sumo/-/libsodium-sumo-0.7.13.tgz",
      "integrity": "sha512-zTGdLu4b9zSNLfovImpBCbdAA4xkpkZbMnSQjP8HShyOutnGjRHmSOKlsylh1okao6QhLiz7nG98EGn+04cZjQ=="
    },
    "node_modules/libsodium-wrappers-sumo": {
      "version": "0.7.13",
      "resolved": "https://registry.npmjs.org/libsodium-wrappers-sumo/-/libsodium-wrappers-sumo-0.7.13.tgz",
      "integrity": "sha512-lz4YdplzDRh6AhnLGF2Dj2IUj94xRN6Bh8T0HLNwzYGwPehQJX6c7iYVrFUPZ3QqxE0bqC+K0IIqqZJYWumwSQ==",
      "dependencies": {
        "libsodium-sumo": "^0.7.13"
      }
    },
    "node_modules/msgpack-lite": {
      "version": "0.1.26",
      "resolved": "https://registry.npmjs.org/msgpack-lite/-/msgpack-lite-0.1.26.tgz",
      "integrity": "sha512-SZ2IxeqZ1oRFGo0xFGbvBJWMp3yLIY9rlIJyxy8CGrwZn1f0ZK4r6jV/AM1r0FZMDUkWkglOk/eeKIL9g77Nxw==",
      "dependencies": {
        "event-lite": "^0.1.1",
        "ieee754": "^1.1.8",
        "int64-buffer": "^0.1.9",
        "isarray": "^1.0.0"
      },
      "bin": {
        "msgpack": "bin/msgpack"
      }
    },
    "node_modules/sodiumutil": {
      "version": "4.0.2",
      "resolved": "https://registry.npmjs.org/sodiumutil/-/sodiumutil-4.0.2.tgz",
      "integrity": "sha512-CBUEG+bB9RNm7HR4SVTI5PI+l/Re0ov7E/I95Z0qNf4nScMPnW3THsXloOE4QKKiyAbWeN+KNMODCkWPCHdspQ==",
      "peerDependencies": {
        "libsodium-wrappers-sumo": "*"
      }
    },
    "node_modules/superdilithium": {
      "version": "2.0.6",
      "resolved": "https://registry.npmjs.org/superdilithium/-/superdilithium-2.0.6.tgz",
      "integrity": "sha512-0pPDGKjUeJ/G/ZZLTLrm7t4b1yBrD+1BQ82E2za1Os33XwLJiy5YRzsq4rm9K12JbM5bwhqyGU4D0LSo4Xv0BA==",
      "dependencies": {
        "dilithium-crystals": "*",
        "fast-sha512": "*",
        "libsodium-wrappers-sumo": "*",
        "sodiumutil": "*"
      }
    },
    "node_modules/typescript": {
      "version": "5.2.2",
      "resolved": "https://registry.npmjs.org/typescript/-/typescript-5.2.2.tgz",
      "integrity": "sha512-mI4WrpHsbCIcwT9cF4FZvr80QUeKvsUsUvKDoR+X/7XHQH98xYD8YHZg7ANtz2GtZt/CBq2QJ0thkGJMHfqc1w==",
      "dev": true,
      "bin": {
        "tsc": "bin/tsc",
        "tsserver": "bin/tsserver"
      },
      "engines": {
        "node": ">=14.17"
      }
    },
    "node_modules/ws": {
      "version": "8.14.1",
      "resolved": "https://registry.npmjs.org/ws/-/ws-8.14.1.tgz",
      "integrity": "sha512-4OOseMUq8AzRBI/7SLMUwO+FEDnguetSk7KMb1sHwvF2w2Wv5Hoj0nlifx8vtGsftE/jWHojPy8sMMzYLJ2G/A==",
      "engines": {
        "node": ">=10.0.0"
      },
      "peerDependencies": {
        "bufferutil": "^4.0.1",
        "utf-8-validate": ">=5.0.2"
      },
      "peerDependenciesMeta": {
        "bufferutil": {
          "optional": true
        },
        "utf-8-validate": {
          "optional": true
        }
      }
    },
    "node_modules/zod": {
      "version": "3.22.2",
      "resolved": "https://registry.npmjs.org/zod/-/zod-3.22.2.tgz",
      "integrity": "sha512-wvWkphh5WQsJbVk1tbx1l1Ly4yg+XecD+Mq280uBGt9wa5BKSWf4Mhp6GmrkPixhMxmabYY7RbzlwVP32pbGCg==",
      "funding": {
        "url": "https://github.com/sponsors/colinhacks"
      }
    }
  }
}
